
Microsoft Visual Studio Solution File, Format Version 12.00
# Visual Studio Version 17
VisualStudioVersion = 17.0.31903.59
MinimumVisualStudioVersion = 10.0.40219.1
Project("{FAE04EC0-301F-11D3-BF4B-00C04F79EFBC}") = "API", "API\API.csproj", "{F07D98E3-B800-4C18-B6C7-C79EF091AE58}"
EndProject
Project("{FAE04EC0-301F-11D3-BF4B-00C04F79EFBC}") = "App", "App\App.csproj", "{FDE91FAC-2467-4E8C-9EE4-0D39D04127D5}"
EndProject
Project("{FAE04EC0-301F-11D3-BF4B-00C04F79EFBC}") = "Domain", "Domain\Domain.csproj", "{5ACB34CE-239A-4459-98A6-B7E67C91F517}"
EndProject
Project("{FAE04EC0-301F-11D3-BF4B-00C04F79EFBC}") = "Persistence", "Persistence\Persistence.csproj", "{17EA1801-7FAC-4122-9F41-79298BA955D9}"
EndProject
Global
	GlobalSection(SolutionConfigurationPlatforms) = preSolution
		Debug|Any CPU = Debug|Any CPU
		Release|Any CPU = Release|Any CPU
	EndGlobalSection
	GlobalSection(SolutionProperties) = preSolution
		HideSolutionNode = FALSE
	EndGlobalSection
	GlobalSection(ProjectConfigurationPlatforms) = postSolution
		{F07D98E3-B800-4C18-B6C7-C79EF091AE58}.Debug|Any CPU.ActiveCfg = Debug|Any CPU
		{F07D98E3-B800-4C18-B6C7-C79EF091AE58}.Debug|Any CPU.Build.0 = Debug|Any CPU
		{F07D98E3-B800-4C18-B6C7-C79EF091AE58}.Release|Any CPU.ActiveCfg = Release|Any CPU
		{F07D98E3-B800-4C18-B6C7-C79EF091AE58}.Release|Any CPU.Build.0 = Release|Any CPU
		{FDE91FAC-2467-4E8C-9EE4-0D39D04127D5}.Debug|Any CPU.ActiveCfg = Debug|Any CPU
		{FDE91FAC-2467-4E8C-9EE4-0D39D04127D5}.Debug|Any CPU.Build.0 = Debug|Any CPU
		{FDE91FAC-2467-4E8C-9EE4-0D39D04127D5}.Release|Any CPU.ActiveCfg = Release|Any CPU
		{FDE91FAC-2467-4E8C-9EE4-0D39D04127D5}.Release|Any CPU.Build.0 = Release|Any CPU
		{5ACB34CE-239A-4459-98A6-B7E67C91F517}.Debug|Any CPU.ActiveCfg = Debug|Any CPU
		{5ACB34CE-239A-4459-98A6-B7E67C91F517}.Debug|Any CPU.Build.0 = Debug|Any CPU
		{5ACB34CE-239A-4459-98A6-B7E67C91F517}.Release|Any CPU.ActiveCfg = Release|Any CPU
		{5ACB34CE-239A-4459-98A6-B7E67C91F517}.Release|Any CPU.Build.0 = Release|Any CPU
		{17EA1801-7FAC-4122-9F41-79298BA955D9}.Debug|Any CPU.ActiveCfg = Debug|Any CPU
		{17EA1801-7FAC-4122-9F41-79298BA955D9}.Debug|Any CPU.Build.0 = Debug|Any CPU
		{17EA1801-7FAC-4122-9F41-79298BA955D9}.Release|Any CPU.ActiveCfg = Release|Any CPU
		{17EA1801-7FAC-4122-9F41-79298BA955D9}.Release|Any CPU.Build.0 = Release|Any CPU
	EndGlobalSection
EndGlobal
